{
    "_meta": {
        "hash": {
            "sha256": "ea2b73dae48b924a88b7c8df4f7f20b26ac480c5d7be2bf95b05b8e197cffd23"
        },
        "pipfile-spec": 6,
        "requires": {
            "python_version": "3.8"
        },
        "sources": [
            {
                "name": "pypi",
                "url": "https://pypi.org/simple",
                "verify_ssl": true
            }
        ]
    },
    "default": {
        "async-timeout": {
            "hashes": [
                "sha256:2163e1640ddb52b7a8c80d0a67a08587e5d245cc9c553a74a847056bc2976b15",
                "sha256:8ca1e4fcf50d07413d66d1a5e416e42cfdf5851c981d679a09851a6853383b3c"
            ],
            "markers": "python_full_version >= '3.6.0'",
            "version": "==4.0.2"
        },
        "baidu-aip": {
            "hashes": [
                "sha256:c7f03c671027dcae1ccaa60631ec5811c8e9e51e2ebb505a748a213d0f0b5b88"
            ],
            "index": "pypi",
            "version": "==2.2.18.0"
        },
        "certifi": {
            "hashes": [
                "sha256:36973885b9542e6bd01dea287b2b4b3b21236307c56324fcc3f1160f2d655ed5",
                "sha256:e232343de1ab72c2aa521b625c80f699e356830fd0e2c620b465b304b17b0516"
            ],
            "markers": "python_full_version >= '3.6.0'",
            "version": "==2022.9.14"
        },
        "charset-normalizer": {
            "hashes": [
                "sha256:5a3d016c7c547f69d6f81fb0db9449ce888b418b5b9952cc5e6e66843e9dd845",
                "sha256:83e9a75d1911279afd89352c68b45348559d1fc0506b054b346651b5e7fee29f"
            ],
            "markers": "python_full_version >= '3.6.0'",
            "version": "==2.1.1"
        },
        "deprecated": {
            "hashes": [
                "sha256:43ac5335da90c31c24ba028af536a91d41d53f9e6901ddb021bcc572ce44e38d",
                "sha256:64756e3e14c8c5eea9795d93c524551432a0be75629f8f29e67ab8caf076c76d"
            ],
            "markers": "python_version >= '2.7' and python_version not in '3.0, 3.1, 3.2, 3.3'",
            "version": "==1.2.13"
        },
        "django": {
            "hashes": [
                "sha256:16040e1288c6c9f68c6da2fe75ebde83c0a158f6f5d54f4c5177b0c1478c5b86",
                "sha256:89c2007ca4fa5b351a51a279eccff298520783b713bf28efb89dfb81c80ea49b"
            ],
            "index": "pypi",
            "version": "==2.2.7"
        },
        "django-cors-headers": {
            "hashes": [
                "sha256:5762ec9c2d59f38c76828dc1d4308baca4bc0d3e1d6f217683e7a24a1c4611a3",
                "sha256:ee02f4b699e9b6645602a46d0adb430ee940a1bf8df64f77e516f8d7711fee60"
            ],
            "index": "pypi",
            "version": "==3.1.1"
        },
        "django-redis": {
            "hashes": [
                "sha256:af0b393864e91228dd30d8c85b5c44d670b5524cb161b7f9e41acc98b6e5ace7",
                "sha256:f46115577063d00a890867c6964ba096057f07cb756e78e0503b89cd18e4e083"
            ],
            "index": "pypi",
            "version": "==4.10.0"
        },
        "idna": {
            "hashes": [
                "sha256:814f528e8dead7d329833b91c5faa87d60bf71824cd12a7530b5526063d02cb4",
                "sha256:90b77e79eaa3eba6de819a0c442c0b4ceefc341a7a2ab77d7562bf49f425c5c2"
            ],
            "markers": "python_version >= '3.5'",
            "version": "==3.4"
        },
        "mysql-connector-python": {
            "hashes": [
                "sha256:033a8ab1d772ce77ce6cbbaca5bff400bfb65a2a3542b701061c981222a0fefd",
                "sha256:0fc51c4360286646244e97f30826ebc0ff362846d1226d35e99ec94b10543fac",
                "sha256:268366d8b807f1216bac3d467fa0e51798880da6a3965fdead3476f2b04dd8bb",
                "sha256:332654635beeb71d823fe461b8f3062f1b8621ffe839c83175f16bcca0627909",
                "sha256:427ca66e5a502f8c86b5525009d2f18ef0da2ab12f7fccd8edb4183e513e8491",
                "sha256:42bc551cf7d32e4aff358fe5162efb268ddc3da2e6ce37f5b71e6321e731b432",
                "sha256:4357ffddb4b26065327e0a0c003659ce3a106e4a91e0f03698a2262431768f72",
                "sha256:556995294a47ed38849e1d1730943a9d93a80ca450cc7c03a372816cae7c1f11",
                "sha256:586906f5a5ae807501f6fa83a7fab8e9c81392a657e6df94b0c192534644dfde",
                "sha256:5dbf052f34e1be01453d9591aaa69d15961de7ef80d22c188dcff8d0e6f198fe",
                "sha256:5eb70297b829c2e7d5ff4f511164895a5acb827f90c0610e36678a763abbd393",
                "sha256:5f0537726ae30025c910533182ebe8656186349cf7d801e01483b2fcde9537ba",
                "sha256:663d714ae09e2001e602960e48f2e918dda53398b1d2641780105321f494fcd3",
                "sha256:77bc6dbcf5eae803845e82a639eb2d5e5ed0ba59f8d66d1901e26df1ce2088f0",
                "sha256:846d3062de596fccb3ab0928131f9a49747b5a4eb8d02433df22c2bd2abcca7a",
                "sha256:8920d2cbc17a4003f99f8db71c3cc7ca4058a6585d56a72b98f9e0826772e682",
                "sha256:8a27d519a57e89d5423eb2b6ca0d839d7d16e576a43d67b497d11ca2962355eb",
                "sha256:8f1f68ee29b7e9b1b8c88b65dcfdfdc450574106ac05668db325b85a322e3875",
                "sha256:9ba54e85cd9a3f2ac2c778b4082d6f427c54c883f54051a5fb235138cb6f091d",
                "sha256:a956b77c9c73bff6e17f068fbd8d03c3631a2ef974703f784f8dbfa348c983ec",
                "sha256:ac4474bf836be6696e4930884725b9de33df4d246fb433255126fb007cb8a59e",
                "sha256:acbaf0c87b1398d238f0fe77af18feefc8b6c3569e7fe96307bca3ed3f0eb240",
                "sha256:c3d2dbd81e78d8d2cd1504483daf930219e623b3b9f269a2c2b3bad79a031fa5"
            ],
            "index": "pypi",
            "version": "==8.0.18"
        },
        "packaging": {
            "hashes": [
                "sha256:dd47c42927d89ab911e606518907cc2d3a1f38bbd026385970643f9c5b8ecfeb",
                "sha256:ef103e05f519cdc783ae24ea4e2e0f508a9c99b2d4969652eed6a2e1ea5bd522"
            ],
            "markers": "python_full_version >= '3.6.0'",
            "version": "==21.3"
        },
        "pillow": {
            "hashes": [
                "sha256:047d9473cf68af50ac85f8ee5d5f21a60f849bc17d348da7fc85711287a75031",
                "sha256:0f66dc6c8a3cc319561a633b6aa82c44107f12594643efa37210d8c924fc1c71",
                "sha256:12c9169c4e8fe0a7329e8658c7e488001f6b4c8e88740e76292c2b857af2e94c",
                "sha256:248cffc168896982f125f5c13e9317c059f74fffdb4152893339f3be62a01340",
                "sha256:27faf0552bf8c260a5cee21a76e031acaea68babb64daf7e8f2e2540745082aa",
                "sha256:285edafad9bc60d96978ed24d77cdc0b91dace88e5da8c548ba5937c425bca8b",
                "sha256:384b12c9aa8ef95558abdcb50aada56d74bc7cc131dd62d28c2d0e4d3aadd573",
                "sha256:38950b3a707f6cef09cd3cbb142474357ad1a985ceb44d921bdf7b4647b3e13e",
                "sha256:4aad1b88933fd6dc2846552b89ad0c74ddbba2f0884e2c162aa368374bf5abab",
                "sha256:4ac6148008c169603070c092e81f88738f1a0c511e07bd2bb0f9ef542d375da9",
                "sha256:4deb1d2a45861ae6f0b12ea0a786a03d19d29edcc7e05775b85ec2877cb54c5e",
                "sha256:59aa2c124df72cc75ed72c8d6005c442d4685691a30c55321e00ed915ad1a291",
                "sha256:5a47d2123a9ec86660fe0e8d0ebf0aa6bc6a17edc63f338b73ea20ba11713f12",
                "sha256:5cc901c2ab9409b4b7ac7b5bcc3e86ac14548627062463da0af3b6b7c555a871",
                "sha256:6c1db03e8dff7b9f955a0fb9907eb9ca5da75b5ce056c0c93d33100a35050281",
                "sha256:7ce80c0a65a6ea90ef9c1f63c8593fcd2929448613fc8da0adf3e6bfad669d08",
                "sha256:809c19241c14433c5d6135e1b6c72da4e3b56d5c865ad5736ab99af8896b8f41",
                "sha256:83792cb4e0b5af480588601467c0764242b9a483caea71ef12d22a0d0d6bdce2",
                "sha256:846fa202bd7ee0f6215c897a1d33238ef071b50766339186687bd9b7a6d26ac5",
                "sha256:9f5529fc02009f96ba95bea48870173426879dc19eec49ca8e08cd63ecd82ddb",
                "sha256:a423c2ea001c6265ed28700df056f75e26215fd28c001e93ef4380b0f05f9547",
                "sha256:ac4428094b42907aba5879c7c000d01c8278d451a3b7cccd2103e21f6397ea75",
                "sha256:b1ae48d87f10d1384e5beecd169c77502fcc04a2c00a4c02b85f0a94b419e5f9",
                "sha256:bf4e972a88f8841d8fdc6db1a75e0f8d763e66e3754b03006cbc3854d89f1cb1",
                "sha256:c6414f6aad598364aaf81068cabb077894eb88fed99c6a65e6e8217bab62ae7a",
                "sha256:c710fcb7ee32f67baf25aa9ffede4795fd5d93b163ce95fdc724383e38c9df96",
                "sha256:c7be4b8a09852291c3c48d3c25d1b876d2494a0a674980089ac9d5e0d78bd132",
                "sha256:c9e5ffb910b14f090ac9c38599063e354887a5f6d7e6d26795e916b4514f2c1a",
                "sha256:e0697b826da6c2472bb6488db4c0a7fa8af0d52fa08833ceb3681358914b14e5",
                "sha256:e9a3edd5f714229d41057d56ac0f39ad9bdba6767e8c888c951869f0bdd129b0"
            ],
            "index": "pypi",
            "version": "==6.2.1"
        },
        "protobuf": {
            "hashes": [
                "sha256:0c44e01f74109decea196b5b313b08edb5316df77313995594a6981e95674259",
                "sha256:15cdecb0d192ab5f17cdc21a9c0ae7b5c6c4451e42c8a888a4f3344c190e369c",
                "sha256:196a153e487c0e20d62259872bbf2e1c4fa18e2ce97e20984fcbf9d8b151058d",
                "sha256:3149c373e9b7ce296bb24d42a3eb677d620185b5dff2c390b2cf57baf79afdc1",
                "sha256:370a6b885e94adda021d4cbe43accdfbf6a02af651a0be337a28906a3fa77f3d",
                "sha256:474247630834f93214fafce49d2ee6ff4c036c8c5382b88432b7eae6f08f131b",
                "sha256:6380aae2683d0d1b41199e591c8ba06f867e8a778d44309af87073c1b34a9f3a",
                "sha256:6741d7d1cfcbdd6cf610f38b7976cf8c0b41022203555298925e4061b6616608",
                "sha256:700787cb56b4cb7b8ed5f7d197b9d8f30080f257f3c7431eec1fdd8060660929",
                "sha256:8117b52c2531e4033f7d02b9be5a78564da41a8b02c255e1b731ad4bd75e7dc0",
                "sha256:850da2072d98c6e576b7eb29734cdde6fd9f5d157e43d7818d79f4b373ef5d51",
                "sha256:85d1fb5ff1d638a0045bbe4f01a8f287023aa4f2b29011445b1be0edc74a2103",
                "sha256:93bca9aaeee8008e15696c2a6b5e56b992da03f9d237ff54310e397d635f8305",
                "sha256:98d414513ec44bb3ba77ebdeffcbbe6ebbf3630c767d37a285890c2414fdd4e2",
                "sha256:a7f91a4e5bf3cc58b2830c9cb01b04ac5e211c288048e9296cd407ec0455fb89",
                "sha256:abbcb8ecd19cfb729b9b71f9a453e37c0c1c017be4bff47804ff25150685386d",
                "sha256:b03966ca4d1aa7850f5bf0d841c22a8eeb6ce091f77e585ffeb8b95a6b0a96c4",
                "sha256:cde2a73b03049b904dbc5d0f500b97e11abb4109dbe2940e6a1595e2eef4e8a9",
                "sha256:d52a687e2c74c40f45abd6906f833d4e40f0f8cfa4226a80e4695fedafe6c57e",
                "sha256:e68ad00695547d9397dd14abd3efba23cb31cef67228f4512d41396971889812",
                "sha256:e9bffd52d6ee039a1cafb72475b2900c6fd0f0dca667fb7a09af0a3e119e78cb"
            ],
            "index": "pypi",
            "version": "==3.18.3"
        },
        "pyparsing": {
            "hashes": [
                "sha256:2b020ecf7d21b687f219b71ecad3631f644a47f01403fa1d1036b0c6416d70fb",
                "sha256:5026bae9a10eeaefb61dab2f09052b9f4307d44aee4eda64b309723d8d206bbc"
            ],
            "markers": "python_full_version >= '3.6.8'",
            "version": "==3.0.9"
        },
        "pytz": {
            "hashes": [
                "sha256:220f481bdafa09c3955dfbdddb7b57780e9a94f5127e35456a48589b9e0c0197",
                "sha256:cea221417204f2d1a2aa03ddae3e867921971d0d76f14d87abb4414415bbdcf5"
            ],
            "version": "==2022.2.1"
        },
        "qiniu": {
            "hashes": [
                "sha256:4f2677b8e8c7500e3d0521f201c9e3e0ede576035c64f2fda41489a3c3aabf1d"
            ],
            "index": "pypi",
            "version": "==7.2.6"
        },
        "redis": {
            "hashes": [
                "sha256:a52d5694c9eb4292770084fa8c863f79367ca19884b329ab574d5cb2036b3e54",
                "sha256:ddf27071df4adf3821c4f2ca59d67525c3a82e5f268bed97b813cb4fabf87880"
            ],
            "markers": "python_full_version >= '3.6.0'",
            "version": "==4.3.4"
        },
        "requests": {
            "hashes": [
                "sha256:7c5599b102feddaa661c826c56ab4fee28bfd17f5abca1ebbe3e7f19d7c97983",
                "sha256:8fefa2a1a1365bf5520aac41836fbee479da67864514bdb821f31ce07ce65349"
            ],
            "markers": "python_version >= '3.7' and python_version < '4'",
            "version": "==2.28.1"
        },
        "sqlparse": {
            "hashes": [
                "sha256:0323c0ec29cd52bceabc1b4d9d579e311f3e4961b98d174201d5622a23b85e34",
                "sha256:69ca804846bb114d2ec380e4360a8a340db83f0ccf3afceeb1404df028f57268"
            ],
            "markers": "python_version >= '3.5'",
            "version": "==0.4.3"
        },
        "urllib3": {
            "hashes": [
                "sha256:3fa96cf423e6987997fc326ae8df396db2a8b7c667747d47ddd8ecba91f4a74e",
                "sha256:b930dd878d5a8afb066a637fbb35144fe7901e3b209d1cd4f524bd0e9deee997"
            ],
            "markers": "python_version >= '2.7' and python_version not in '3.0, 3.1, 3.2, 3.3, 3.4, 3.5' and python_version < '4'",
            "version": "==1.26.12"
        },
        "wrapt": {
            "hashes": [
                "sha256:00b6d4ea20a906c0ca56d84f93065b398ab74b927a7a3dbd470f6fc503f95dc3",
                "sha256:01c205616a89d09827986bc4e859bcabd64f5a0662a7fe95e0d359424e0e071b",
                "sha256:02b41b633c6261feff8ddd8d11c711df6842aba629fdd3da10249a53211a72c4",
                "sha256:07f7a7d0f388028b2df1d916e94bbb40624c59b48ecc6cbc232546706fac74c2",
                "sha256:11871514607b15cfeb87c547a49bca19fde402f32e2b1c24a632506c0a756656",
                "sha256:1b376b3f4896e7930f1f772ac4b064ac12598d1c38d04907e696cc4d794b43d3",
                "sha256:21ac0156c4b089b330b7666db40feee30a5d52634cc4560e1905d6529a3897ff",
                "sha256:257fd78c513e0fb5cdbe058c27a0624c9884e735bbd131935fd49e9fe719d310",
                "sha256:2b39d38039a1fdad98c87279b48bc5dce2c0ca0d73483b12cb72aa9609278e8a",
                "sha256:2cf71233a0ed05ccdabe209c606fe0bac7379fdcf687f39b944420d2a09fdb57",
                "sha256:2fe803deacd09a233e4762a1adcea5db5d31e6be577a43352936179d14d90069",
                "sha256:3232822c7d98d23895ccc443bbdf57c7412c5a65996c30442ebe6ed3df335383",
                "sha256:34aa51c45f28ba7f12accd624225e2b1e5a3a45206aa191f6f9aac931d9d56fe",
                "sha256:36f582d0c6bc99d5f39cd3ac2a9062e57f3cf606ade29a0a0d6b323462f4dd87",
                "sha256:380a85cf89e0e69b7cfbe2ea9f765f004ff419f34194018a6827ac0e3edfed4d",
                "sha256:40e7bc81c9e2b2734ea4bc1aceb8a8f0ceaac7c5299bc5d69e37c44d9081d43b",
                "sha256:43ca3bbbe97af00f49efb06e352eae40434ca9d915906f77def219b88e85d907",
                "sha256:4fcc4649dc762cddacd193e6b55bc02edca674067f5f98166d7713b193932b7f",
                "sha256:5a0f54ce2c092aaf439813735584b9537cad479575a09892b8352fea5e988dc0",
                "sha256:5a9a0d155deafd9448baff28c08e150d9b24ff010e899311ddd63c45c2445e28",
                "sha256:5b02d65b9ccf0ef6c34cba6cf5bf2aab1bb2f49c6090bafeecc9cd81ad4ea1c1",
                "sha256:60db23fa423575eeb65ea430cee741acb7c26a1365d103f7b0f6ec412b893853",
                "sha256:642c2e7a804fcf18c222e1060df25fc210b9c58db7c91416fb055897fc27e8cc",
                "sha256:6a9a25751acb379b466ff6be78a315e2b439d4c94c1e99cb7266d40a537995d3",
                "sha256:6b1a564e6cb69922c7fe3a678b9f9a3c54e72b469875aa8018f18b4d1dd1adf3",
                "sha256:6d323e1554b3d22cfc03cd3243b5bb815a51f5249fdcbb86fda4bf62bab9e164",
                "sha256:6e743de5e9c3d1b7185870f480587b75b1cb604832e380d64f9504a0535912d1",
                "sha256:709fe01086a55cf79d20f741f39325018f4df051ef39fe921b1ebe780a66184c",
                "sha256:7b7c050ae976e286906dd3f26009e117eb000fb2cf3533398c5ad9ccc86867b1",
                "sha256:7d2872609603cb35ca513d7404a94d6d608fc13211563571117046c9d2bcc3d7",
                "sha256:7ef58fb89674095bfc57c4069e95d7a31cfdc0939e2a579882ac7d55aadfd2a1",
                "sha256:80bb5c256f1415f747011dc3604b59bc1f91c6e7150bd7db03b19170ee06b320",
                "sha256:81b19725065dcb43df02b37e03278c011a09e49757287dca60c5aecdd5a0b8ed",
                "sha256:833b58d5d0b7e5b9832869f039203389ac7cbf01765639c7309fd50ef619e0b1",
                "sha256:88bd7b6bd70a5b6803c1abf6bca012f7ed963e58c68d76ee20b9d751c74a3248",
                "sha256:8ad85f7f4e20964db4daadcab70b47ab05c7c1cf2a7c1e51087bfaa83831854c",
                "sha256:8c0ce1e99116d5ab21355d8ebe53d9460366704ea38ae4d9f6933188f327b456",
                "sha256:8d649d616e5c6a678b26d15ece345354f7c2286acd6db868e65fcc5ff7c24a77",
                "sha256:903500616422a40a98a5a3c4ff4ed9d0066f3b4c951fa286018ecdf0750194ef",
                "sha256:9736af4641846491aedb3c3f56b9bc5568d92b0692303b5a305301a95dfd38b1",
                "sha256:988635d122aaf2bdcef9e795435662bcd65b02f4f4c1ae37fbee7401c440b3a7",
                "sha256:9cca3c2cdadb362116235fdbd411735de4328c61425b0aa9f872fd76d02c4e86",
                "sha256:9e0fd32e0148dd5dea6af5fee42beb949098564cc23211a88d799e434255a1f4",
                "sha256:9f3e6f9e05148ff90002b884fbc2a86bd303ae847e472f44ecc06c2cd2fcdb2d",
                "sha256:a85d2b46be66a71bedde836d9e41859879cc54a2a04fad1191eb50c2066f6e9d",
                "sha256:a9a52172be0b5aae932bef82a79ec0a0ce87288c7d132946d645eba03f0ad8a8",
                "sha256:aa31fdcc33fef9eb2552cbcbfee7773d5a6792c137b359e82879c101e98584c5",
                "sha256:b014c23646a467558be7da3d6b9fa409b2c567d2110599b7cf9a0c5992b3b471",
                "sha256:b21bb4c09ffabfa0e85e3a6b623e19b80e7acd709b9f91452b8297ace2a8ab00",
                "sha256:b5901a312f4d14c59918c221323068fad0540e34324925c8475263841dbdfe68",
                "sha256:b9b7a708dd92306328117d8c4b62e2194d00c365f18eff11a9b53c6f923b01e3",
                "sha256:d1967f46ea8f2db647c786e78d8cc7e4313dbd1b0aca360592d8027b8508e24d",
                "sha256:d52a25136894c63de15a35bc0bdc5adb4b0e173b9c0d07a2be9d3ca64a332735",
                "sha256:d77c85fedff92cf788face9bfa3ebaa364448ebb1d765302e9af11bf449ca36d",
                "sha256:d79d7d5dc8a32b7093e81e97dad755127ff77bcc899e845f41bf71747af0c569",
                "sha256:dbcda74c67263139358f4d188ae5faae95c30929281bc6866d00573783c422b7",
                "sha256:ddaea91abf8b0d13443f6dac52e89051a5063c7d014710dcb4d4abb2ff811a59",
                "sha256:dee0ce50c6a2dd9056c20db781e9c1cfd33e77d2d569f5d1d9321c641bb903d5",
                "sha256:dee60e1de1898bde3b238f18340eec6148986da0455d8ba7848d50470a7a32fb",
                "sha256:e2f83e18fe2f4c9e7db597e988f72712c0c3676d337d8b101f6758107c42425b",
                "sha256:e3fb1677c720409d5f671e39bac6c9e0e422584e5f518bfd50aa4cbbea02433f",
                "sha256:ee2b1b1769f6707a8a445162ea16dddf74285c3964f605877a20e38545c3c462",
                "sha256:ee6acae74a2b91865910eef5e7de37dc6895ad96fa23603d1d27ea69df545015",
                "sha256:ef3f72c9666bba2bab70d2a8b79f2c6d2c1a42a7f7e2b0ec83bb2f9e383950af"
            ],
            "markers": "python_version >= '2.7' and python_version not in '3.0, 3.1, 3.2, 3.3, 3.4'",
            "version": "==1.14.1"
        }
    },
    "develop": {}
}
